// !$*UTF8*$!
{
	archiveVersion = 1;
	classes = {
	};
	objectVersion = 46;
	objects = {

/* Begin PBXBuildFile section */
		FD5433921971D79D00379364 /* chocolateShopTableViewController.m in Sources */ = {isa = PBXBuildFile; fileRef = FD5433911971D79D00379364 /* chocolateShopTableViewController.m */; };
		FDFB82111970B33000DA25B4 /* Foundation.framework in Frameworks */ = {isa = PBXBuildFile; fileRef = FDFB82101970B33000DA25B4 /* Foundation.framework */; };
		FDFB82131970B33000DA25B4 /* CoreGraphics.framework in Frameworks */ = {isa = PBXBuildFile; fileRef = FDFB82121970B33000DA25B4 /* CoreGraphics.framework */; };
		FDFB82151970B33000DA25B4 /* UIKit.framework in Frameworks */ = {isa = PBXBuildFile; fileRef = FDFB82141970B33000DA25B4 /* UIKit.framework */; };
		FDFB821B1970B33000DA25B4 /* InfoPlist.strings in Resources */ = {isa = PBXBuildFile; fileRef = FDFB82191970B33000DA25B4 /* InfoPlist.strings */; };
		FDFB821D1970B33000DA25B4 /* main.m in Sources */ = {isa = PBXBuildFile; fileRef = FDFB821C1970B33000DA25B4 /* main.m */; };
		FDFB82211970B33000DA25B4 /* chocolateAppDelegate.m in Sources */ = {isa = PBXBuildFile; fileRef = FDFB82201970B33000DA25B4 /* chocolateAppDelegate.m */; };
		FDFB82241970B33000DA25B4 /* Main.storyboard in Resources */ = {isa = PBXBuildFile; fileRef = FDFB82221970B33000DA25B4 /* Main.storyboard */; };
		FDFB82271970B33000DA25B4 /* chocolateViewController.m in Sources */ = {isa = PBXBuildFile; fileRef = FDFB82261970B33000DA25B4 /* chocolateViewController.m */; };
		FDFB82291970B33000DA25B4 /* Images.xcassets in Resources */ = {isa = PBXBuildFile; fileRef = FDFB82281970B33000DA25B4 /* Images.xcassets */; };
		FDFB82301970B33000DA25B4 /* XCTest.framework in Frameworks */ = {isa = PBXBuildFile; fileRef = FDFB822F1970B33000DA25B4 /* XCTest.framework */; };
		FDFB82311970B33000DA25B4 /* Foundation.framework in Frameworks */ = {isa = PBXBuildFile; fileRef = FDFB82101970B33000DA25B4 /* Foundation.framework */; };
		FDFB82321970B33000DA25B4 /* UIKit.framework in Frameworks */ = {isa = PBXBuildFile; fileRef = FDFB82141970B33000DA25B4 /* UIKit.framework */; };
		FDFB823A1970B33000DA25B4 /* InfoPlist.strings in Resources */ = {isa = PBXBuildFile; fileRef = FDFB82381970B33000DA25B4 /* InfoPlist.strings */; };
		FDFB823C1970B33000DA25B4 /* ChocolateTests.m in Sources */ = {isa = PBXBuildFile; fileRef = FDFB823B1970B33000DA25B4 /* ChocolateTests.m */; };
/* End PBXBuildFile section */

/* Begin PBXContainerItemProxy section */
		FDFB82331970B33000DA25B4 /* PBXContainerItemProxy */ = {
			isa = PBXContainerItemProxy;
			containerPortal = FDFB82051970B33000DA25B4 /* Project object */;
			proxyType = 1;
			remoteGlobalIDString = FDFB820C1970B33000DA25B4;
			remoteInfo = Chocolate;
		};
/* End PBXContainerItemProxy section */

/* Begin PBXFileReference section */
		FD5433901971D79D00379364 /* chocolateShopTableViewController.h */ = {isa = PBXFileReference; fileEncoding = 4; lastKnownFileType = sourcecode.c.h; path = chocolateShopTableViewController.h; sourceTree = "<group>"; };
		FD5433911971D79D00379364 /* chocolateShopTableViewController.m */ = {isa = PBXFileReference; fileEncoding = 4; lastKnownFileType = sourcecode.c.objc; path = chocolateShopTableViewController.m; sourceTree = "<group>"; };
		FDFB820D1970B33000DA25B4 /* Chocolate.app */ = {isa = PBXFileReference; explicitFileType = wrapper.application; includeInIndex = 0; path = Chocolate.app; sourceTree = BUILT_PRODUCTS_DIR; };
		FDFB82101970B33000DA25B4 /* Foundation.framework */ = {isa = PBXFileReference; lastKnownFileType = wrapper.framework; name = Foundation.framework; path = System/Library/Frameworks/Foundation.framework; sourceTree = SDKROOT; };
		FDFB82121970B33000DA25B4 /* CoreGraphics.framework */ = {isa = PBXFileReference; lastKnownFileType = wrapper.framework; name = CoreGraphics.framework; path = System/Library/Frameworks/CoreGraphics.framework; sourceTree = SDKROOT; };
		FDFB82141970B33000DA25B4 /* UIKit.framework */ = {isa = PBXFileReference; lastKnownFileType = wrapper.framework; name = UIKit.framework; path = System/Library/Frameworks/UIKit.framework; sourceTree = SDKROOT; };
		FDFB82181970B33000DA25B4 /* Chocolate-Info.plist */ = {isa = PBXFileReference; lastKnownFileType = text.plist.xml; path = "Chocolate-Info.plist"; sourceTree = "<group>"; };
		FDFB821A1970B33000DA25B4 /* en */ = {isa = PBXFileReference; lastKnownFileType = text.plist.strings; name = en; path = en.lproj/InfoPlist.strings; sourceTree = "<group>"; };
		FDFB821C1970B33000DA25B4 /* main.m */ = {isa = PBXFileReference; lastKnownFileType = sourcecode.c.objc; path = main.m; sourceTree = "<group>"; };
		FDFB821E1970B33000DA25B4 /* Chocolate-Prefix.pch */ = {isa = PBXFileReference; lastKnownFileType = sourcecode.c.h; path = "Chocolate-Prefix.pch"; sourceTree = "<group>"; };
		FDFB821F1970B33000DA25B4 /* chocolateAppDelegate.h */ = {isa = PBXFileReference; lastKnownFileType = sourcecode.c.h; path = chocolateAppDelegate.h; sourceTree = "<group>"; };
		FDFB82201970B33000DA25B4 /* chocolateAppDelegate.m */ = {isa = PBXFileReference; lastKnownFileType = sourcecode.c.objc; path = chocolateAppDelegate.m; sourceTree = "<group>"; };
		FDFB82231970B33000DA25B4 /* Base */ = {isa = PBXFileReference; lastKnownFileType = file.storyboard; name = Base; path = Base.lproj/Main.storyboard; sourceTree = "<group>"; };
		FDFB82251970B33000DA25B4 /* chocolateViewController.h */ = {isa = PBXFileReference; lastKnownFileType = sourcecode.c.h; path = chocolateViewController.h; sourceTree = "<group>"; };
		FDFB82261970B33000DA25B4 /* chocolateViewController.m */ = {isa = PBXFileReference; lastKnownFileType = sourcecode.c.objc; path = chocolateViewController.m; sourceTree = "<group>"; };
		FDFB82281970B33000DA25B4 /* Images.xcassets */ = {isa = PBXFileReference; lastKnownFileType = folder.assetcatalog; path = Images.xcassets; sourceTree = "<group>"; };
		FDFB822E1970B33000DA25B4 /* ChocolateTests.xctest */ = {isa = PBXFileReference; explicitFileType = wrapper.cfbundle; includeInIndex = 0; path = ChocolateTests.xctest; sourceTree = BUILT_PRODUCTS_DIR; };
		FDFB822F1970B33000DA25B4 /* XCTest.framework */ = {isa = PBXFileReference; lastKnownFileType = wrapper.framework; name = XCTest.framework; path = Library/Frameworks/XCTest.framework; sourceTree = DEVELOPER_DIR; };
		FDFB82371970B33000DA25B4 /* ChocolateTests-Info.plist */ = {isa = PBXFileReference; lastKnownFileType = text.plist.xml; path = "ChocolateTests-Info.plist"; sourceTree = "<group>"; };
		FDFB82391970B33000DA25B4 /* en */ = {isa = PBXFileReference; lastKnownFileType = text.plist.strings; name = en; path = en.lproj/InfoPlist.strings; sourceTree = "<group>"; };
		FDFB823B1970B33000DA25B4 /* ChocolateTests.m */ = {isa = PBXFileReference; lastKnownFileType = sourcecode.c.objc; path = ChocolateTests.m; sourceTree = "<group>"; };
/* End PBXFileReference section */

/* Begin PBXFrameworksBuildPhase section */
		FDFB820A1970B33000DA25B4 /* Frameworks */ = {
			isa = PBXFrameworksBuildPhase;
			buildActionMask = 2147483647;
			files = (
				FDFB82131970B33000DA25B4 /* CoreGraphics.framework in Frameworks */,
				FDFB82151970B33000DA25B4 /* UIKit.framework in Frameworks */,
				FDFB82111970B33000DA25B4 /* Foundation.framework in Frameworks */,
			);
			runOnlyForDeploymentPostprocessing = 0;
		};
		FDFB822B1970B33000DA25B4 /* Frameworks */ = {
			isa = PBXFrameworksBuildPhase;
			buildActionMask = 2147483647;
			files = (
				FDFB82301970B33000DA25B4 /* XCTest.framework in Frameworks */,
				FDFB82321970B33000DA25B4 /* UIKit.framework in Frameworks */,
				FDFB82311970B33000DA25B4 /* Foundation.framework in Frameworks */,
			);
			runOnlyForDeploymentPostprocessing = 0;
		};
/* End PBXFrameworksBuildPhase section */

/* Begin PBXGroup section */
		FDFB82041970B33000DA25B4 = {
			isa = PBXGroup;
			children = (
				FDFB82161970B33000DA25B4 /* Chocolate */,
				FDFB82351970B33000DA25B4 /* ChocolateTests */,
				FDFB820F1970B33000DA25B4 /* Frameworks */,
				FDFB820E1970B33000DA25B4 /* Products */,
			);
			sourceTree = "<group>";
		};
		FDFB820E1970B33000DA25B4 /* Products */ = {
			isa = PBXGroup;
			children = (
				FDFB820D1970B33000DA25B4 /* Chocolate.app */,
				FDFB822E1970B33000DA25B4 /* ChocolateTests.xctest */,
			);
			name = Products;
			sourceTree = "<group>";
		};
		FDFB820F1970B33000DA25B4 /* Frameworks */ = {
			isa = PBXGroup;
			children = (
				FDFB82101970B33000DA25B4 /* Foundation.framework */,
				FDFB82121970B33000DA25B4 /* CoreGraphics.framework */,
				FDFB82141970B33000DA25B4 /* UIKit.framework */,
				FDFB822F1970B33000DA25B4 /* XCTest.framework */,
			);
			name = Frameworks;
			sourceTree = "<group>";
		};
		FDFB82161970B33000DA25B4 /* Chocolate */ = {
			isa = PBXGroup;
			children = (
				FDFB82221970B33000DA25B4 /* Main.storyboard */,
				FDFB82251970B33000DA25B4 /* chocolateViewController.h */,
				FDFB82261970B33000DA25B4 /* chocolateViewController.m */,
				FDFB82281970B33000DA25B4 /* Images.xcassets */,
				FDFB82171970B33000DA25B4 /* Supporting Files */,
				FD5433901971D79D00379364 /* chocolateShopTableViewController.h */,
				FD5433911971D79D00379364 /* chocolateShopTableViewController.m */,
			);
			path = Chocolate;
			sourceTree = "<group>";
		};
		FDFB82171970B33000DA25B4 /* Supporting Files */ = {
			isa = PBXGroup;
			children = (
				FDFB821F1970B33000DA25B4 /* chocolateAppDelegate.h */,
				FDFB82201970B33000DA25B4 /* chocolateAppDelegate.m */,
				FDFB82181970B33000DA25B4 /* Chocolate-Info.plist */,
				FDFB82191970B33000DA25B4 /* InfoPlist.strings */,
				FDFB821C1970B33000DA25B4 /* main.m */,
				FDFB821E1970B33000DA25B4 /* Chocolate-Prefix.pch */,
			);
			name = "Supporting Files";
			sourceTree = "<group>";
		};
		FDFB82351970B33000DA25B4 /* ChocolateTests */ = {
			isa = PBXGroup;
			children = (
				FDFB823B1970B33000DA25B4 /* ChocolateTests.m */,
				FDFB82361970B33000DA25B4 /* Supporting Files */,
			);
			path = ChocolateTests;
			sourceTree = "<group>";
		};
		FDFB82361970B33000DA25B4 /* Supporting Files */ = {
			isa = PBXGroup;
			children = (
				FDFB82371970B33000DA25B4 /* ChocolateTests-Info.plist */,
				FDFB82381970B33000DA25B4 /* InfoPlist.strings */,
			);
			name = "Supporting Files";
			sourceTree = "<group>";
		};
/* End PBXGroup section */

/* Begin PBXNativeTarget section */
		FDFB820C1970B33000DA25B4 /* Chocolate */ = {
			isa = PBXNativeTarget;
			buildConfigurationList = FDFB823F1970B33000DA25B4 /* Build configuration list for PBXNativeTarget "Chocolate" */;
			buildPhases = (
				FDFB82091970B33000DA25B4 /* Sources */,
				FDFB820A1970B33000DA25B4 /* Frameworks */,
				FDFB820B1970B33000DA25B4 /* Resources */,
			);
			buildRules = (
			);
			dependencies = (
			);
			name = Chocolate;
			productName = Chocolate;
			productReference = FDFB820D1970B33000DA25B4 /* Chocolate.app */;
			productType = "com.apple.product-type.application";
		};
		FDFB822D1970B33000DA25B4 /* ChocolateTests */ = {
			isa = PBXNativeTarget;
			buildConfigurationList = FDFB82421970B33000DA25B4 /* Build configuration list for PBXNativeTarget "ChocolateTests" */;
			buildPhases = (
				FDFB822A1970B33000DA25B4 /* Sources */,
				FDFB822B1970B33000DA25B4 /* Frameworks */,
				FDFB822C1970B33000DA25B4 /* Resources */,
			);
			buildRules = (
			);
			dependencies = (
				FDFB82341970B33000DA25B4 /* PBXTargetDependency */,
			);
			name = ChocolateTests;
			productName = ChocolateTests;
			productReference = FDFB822E1970B33000DA25B4 /* ChocolateTests.xctest */;
			productType = "com.apple.product-type.bundle.unit-test";
		};
/* End PBXNativeTarget section */

/* Begin PBXProject section */
		FDFB82051970B33000DA25B4 /* Project object */ = {
			isa = PBXProject;
			attributes = {
				CLASSPREFIX = chocolate;
				LastUpgradeCheck = 0510;
				ORGANIZATIONNAME = max;
				TargetAttributes = {
					FDFB822D1970B33000DA25B4 = {
						TestTargetID = FDFB820C1970B33000DA25B4;
					};
				};
			};
			buildConfigurationList = FDFB82081970B33000DA25B4 /* Build configuration list for PBXProject "Chocolate" */;
			compatibilityVersion = "Xcode 3.2";
			developmentRegion = English;
			hasScannedForEncodings = 0;
			knownRegions = (
				en,
				Base,
			);
			mainGroup = FDFB82041970B33000DA25B4;
			productRefGroup = FDFB820E1970B33000DA25B4 /* Products */;
			projectDirPath = "";
			projectRoot = "";
			targets = (
				FDFB820C1970B33000DA25B4 /* Chocolate */,
				FDFB822D1970B33000DA25B4 /* ChocolateTests */,
			);
		};
/* End PBXProject section */

/* Begin PBXResourcesBuildPhase section */
		FDFB820B1970B33000DA25B4 /* Resources */ = {
			isa = PBXResourcesBuildPhase;
			buildActionMask = 2147483647;
			files = (
				FDFB82291970B33000DA25B4 /* Images.xcassets in Resources */,
				FDFB821B1970B33000DA25B4 /* InfoPlist.strings in Resources */,
				FDFB82241970B33000DA25B4 /* Main.storyboard in Resources */,
			);
			runOnlyForDeploymentPostprocessing = 0;
		};
		FDFB822C1970B33000DA25B4 /* Resources */ = {
			isa = PBXResourcesBuildPhase;
			buildActionMask = 2147483647;
			files = (
				FDFB823A1970B33000DA25B4 /* InfoPlist.strings in Resources */,
			);
			runOnlyForDeploymentPostprocessing = 0;
		};
/* End PBXResourcesBuildPhase section */

/* Begin PBXSourcesBuildPhase section */
		FDFB82091970B33000DA25B4 /* Sources */ = {
			isa = PBXSourcesBuildPhase;
			buildActionMask = 2147483647;
			files = (
				FDFB821D1970B33000DA25B4 /* main.m in Sources */,
				FDFB82271970B33000DA25B4 /* chocolateViewController.m in Sources */,
				FD5433921971D79D00379364 /* chocolateShopTableViewController.m in Sources */,
				FDFB82211970B33000DA25B4 /* chocolateAppDelegate.m in Sources */,
			);
			runOnlyForDeploymentPostprocessing = 0;
		};
		FDFB822A1970B33000DA25B4 /* Sources */ = {
			isa = PBXSourcesBuildPhase;
			buildActionMask = 2147483647;
			files = (
				FDFB823C1970B33000DA25B4 /* ChocolateTests.m in Sources */,
			);
			runOnlyForDeploymentPostprocessing = 0;
		};
/* End PBXSourcesBuildPhase section */

/* Begin PBXTargetDependency section */
		FDFB82341970B33000DA25B4 /* PBXTargetDependency */ = {
			isa = PBXTargetDependency;
			target = FDFB820C1970B33000DA25B4 /* Chocolate */;
			targetProxy = FDFB82331970B33000DA25B4 /* PBXContainerItemProxy */;
		};
/* End PBXTargetDependency section */

/* Begin PBXVariantGroup section */
		FDFB82191970B33000DA25B4 /* InfoPlist.strings */ = {
			isa = PBXVariantGroup;
			children = (
				FDFB821A1970B33000DA25B4 /* en */,
			);
			name = InfoPlist.strings;
			sourceTree = "<group>";
		};
		FDFB82221970B33000DA25B4 /* Main.storyboard */ = {
			isa = PBXVariantGroup;
			children = (
				FDFB82231970B33000DA25B4 /* Base */,
			);
			name = Main.storyboard;
			sourceTree = "<group>";
		};
		FDFB82381970B33000DA25B4 /* InfoPlist.strings */ = {
			isa = PBXVariantGroup;
			children = (
				FDFB82391970B33000DA25B4 /* en */,
			);
			name = InfoPlist.strings;
			sourceTree = "<group>";
		};
/* End PBXVariantGroup section */

/* Begin XCBuildConfiguration section */
		FDFB823D1970B33000DA25B4 /* Debug */ = {
			isa = XCBuildConfiguration;
			buildSettings = {
				ALWAYS_SEARCH_USER_PATHS = NO;
				CLANG_CXX_LANGUAGE_STANDARD = "gnu++0x";
				CLANG_CXX_LIBRARY = "libc++";
				CLANG_ENABLE_MODULES = YES;
				CLANG_ENABLE_OBJC_ARC = YES;
				CLANG_WARN_BOOL_CONVERSION = YES;
				CLANG_WARN_CONSTANT_CONVERSION = YES;
				CLANG_WARN_DIRECT_OBJC_ISA_USAGE = YES_ERROR;
				CLANG_WARN_EMPTY_BODY = YES;
				CLANG_WARN_ENUM_CONVERSION = YES;
				CLANG_WARN_INT_CONVERSION = YES;
				CLANG_WARN_OBJC_ROOT_CLASS = YES_ERROR;
				CLANG_WARN__DUPLICATE_METHOD_MATCH = YES;
				"CODE_SIGN_IDENTITY[sdk=iphoneos*]" = "iPhone Developer";
				COPY_PHASE_STRIP = NO;
				GCC_C_LANGUAGE_STANDARD = gnu99;
				GCC_DYNAMIC_NO_PIC = NO;
				GCC_OPTIMIZATION_LEVEL = 0;
				GCC_PREPROCESSOR_DEFINITIONS = (
					"DEBUG=1",
					"$(inherited)",
				);
				GCC_SYMBOLS_PRIVATE_EXTERN = NO;
				GCC_WARN_64_TO_32_BIT_CONVERSION = YES;
				GCC_WARN_ABOUT_RETURN_TYPE = YES_ERROR;
				GCC_WARN_UNDECLARED_SELECTOR = YES;
				GCC_WARN_UNINITIALIZED_AUTOS = YES_AGGRESSIVE;
				GCC_WARN_UNUSED_FUNCTION = YES;
				GCC_WARN_UNUSED_VARIABLE = YES;
				IPHONEOS_DEPLOYMENT_TARGET = 7.1;
				ONLY_ACTIVE_ARCH = YES;
				SDKROOT = iphoneos;
			};
			name = Debug;
		};
		FDFB823E1970B33000DA25B4 /* Release */ = {
			isa = XCBuildConfiguration;
			buildSettings = {
				ALWAYS_SEARCH_USER_PATHS = NO;
				CLANG_CXX_LANGUAGE_STANDARD = "gnu++0x";
				CLANG_CXX_LIBRARY = "libc++";
				CLANG_ENABLE_MODULES = YES;
				CLANG_ENABLE_OBJC_ARC = YES;
				CLANG_WARN_BOOL_CONVERSION = YES;
				CLANG_WARN_CONSTANT_CONVERSION = YES;
				CLANG_WARN_DIRECT_OBJC_ISA_USAGE = YES_ERROR;
				CLANG_WARN_EMPTY_BODY = YES;
				CLANG_WARN_ENUM_CONVERSION = YES;
				CLANG_WARN_INT_CONVERSION = YES;
				CLANG_WARN_OBJC_ROOT_CLASS = YES_ERROR;
				CLANG_WARN__DUPLICATE_METHOD_MATCH = YES;
				"CODE_SIGN_IDENTITY[sdk=iphoneos*]" = "iPhone Developer";
				COPY_PHASE_STRIP = YES;
				ENABLE_NS_ASSERTIONS = NO;
				GCC_C_LANGUAGE_STANDARD = gnu99;
				GCC_WARN_64_TO_32_BIT_CONVERSION = YES;
				GCC_WARN_ABOUT_RETURN_TYPE = YES_ERROR;
				GCC_WARN_UNDECLARED_SELECTOR = YES;
				GCC_WARN_UNINITIALIZED_AUTOS = YES_AGGRESSIVE;
				GCC_WARN_UNUSED_FUNCTION = YES;
				GCC_WARN_UNUSED_VARIABLE = YES;
				IPHONEOS_DEPLOYMENT_TARGET = 7.1;
				SDKROOT = iphoneos;
				VALIDATE_PRODUCT = YES;
			};
			name = Release;
		};
		FDFB82401970B33000DA25B4 /* Debug */ = {
			isa = XCBuildConfiguration;
			buildSettings = {
				ASSETCATALOG_COMPILER_APPICON_NAME = AppIcon;
				ASSETCATALOG_COMPILER_LAUNCHIMAGE_NAME = LaunchImage;
				GCC_PRECOMPILE_PREFIX_HEADER = YES;
				GCC_PREFIX_HEADER = "Chocolate/Chocolate-Prefix.pch";
				INFOPLIST_FILE = "Chocolate/Chocolate-Info.plist";
				PRODUCT_NAME = "$(TARGET_NAME)";
				WRAPPER_EXTENSION = app;
			};
			name = Debug;
		};
		FDFB82411970B33000DA25B4 /* Release */ = {
			isa = XCBuildConfiguration;
			buildSettings = {
				ASSETCATALOG_COMPILER_APPICON_NAME = AppIcon;
				ASSETCATALOG_COMPILER_LAUNCHIMAGE_NAME = LaunchImage;
				GCC_PRECOMPILE_PREFIX_HEADER = YES;
				GCC_PREFIX_HEADER = "Chocolate/Chocolate-Prefix.pch";
				INFOPLIST_FILE = "Chocolate/Chocolate-Info.plist";
				PRODUCT_NAME = "$(TARGET_NAME)";
				WRAPPER_EXTENSION = app;
			};
			name = Release;
		};
		FDFB82431970B33000DA25B4 /* Debug */ = {
			isa = XCBuildConfiguration;
			buildSettings = {
				BUNDLE_LOADER = "$(BUILT_PRODUCTS_DIR)/Chocolate.app/Chocolate";
				FRAMEWORK_SEARCH_PATHS = (
					"$(SDKROOT)/Developer/Library/Frameworks",
					"$(inherited)",
					"$(DEVELOPER_FRAMEWORKS_DIR)",
				);
				GCC_PRECOMPILE_PREFIX_HEADER = YES;
				GCC_PREFIX_HEADER = "Chocolate/Chocolate-Prefix.pch";
				GCC_PREPROCESSOR_DEFINITIONS = (
					"DEBUG=1",
					"$(inherited)",
				);
				INFOPLIST_FILE = "ChocolateTests/ChocolateTests-Info.plist";
				PRODUCT_NAME = "$(TARGET_NAME)";
				TEST_HOST = "$(BUNDLE_LOADER)";
				WRAPPER_EXTENSION = xctest;
			};
			name = Debug;
		};
		FDFB82441970B33000DA25B4 /* Release */ = {
			isa = XCBuildConfiguration;
			buildSettings = {
				BUNDLE_LOADER = "$(BUILT_PRODUCTS_DIR)/Chocolate.app/Chocolate";
				FRAMEWORK_SEARCH_PATHS = (
					"$(SDKROOT)/Developer/Library/Frameworks",
					"$(inherited)",
					"$(DEVELOPER_FRAMEWORKS_DIR)",
				);
				GCC_PRECOMPILE_PREFIX_HEADER = YES;
				GCC_PREFIX_HEADER = "Chocolate/Chocolate-Prefix.pch";
				INFOPLIST_FILE = "ChocolateTests/ChocolateTests-Info.plist";
				PRODUCT_NAME = "$(TARGET_NAME)";
				TEST_HOST = "$(BUNDLE_LOADER)";
				WRAPPER_EXTENSION = xctest;
			};
			name = Release;
		};
/* End XCBuildConfiguration section */

/* Begin XCConfigurationList section */
		FDFB82081970B33000DA25B4 /* Build configuration list for PBXProject "Chocolate" */ = {
			isa = XCConfigurationList;
			buildConfigurations = (
				FDFB823D1970B33000DA25B4 /* Debug */,
				FDFB823E1970B33000DA25B4 /* Release */,
			);
			defaultConfigurationIsVisible = 0;
			defaultConfigurationName = Release;
		};
		FDFB823F1970B33000DA25B4 /* Build configuration list for PBXNativeTarget "Chocolate" */ = {
			isa = XCConfigurationList;
			buildConfigurations = (
				FDFB82401970B33000DA25B4 /* Debug */,
				FDFB82411970B33000DA25B4 /* Release */,
			);
			defaultConfigurationIsVisible = 0;
			defaultConfigurationName = Release;
		};
		FDFB82421970B33000DA25B4 /* Build configuration list for PBXNativeTarget "ChocolateTests" */ = {
			isa = XCConfigurationList;
			buildConfigurations = (
				FDFB82431970B33000DA25B4 /* Debug */,
				FDFB82441970B33000DA25B4 /* Release */,
			);
			defaultConfigurationIsVisible = 0;
			defaultConfigurationName = Release;
		};
/* End XCConfigurationList section */
	};
	rootObject = FDFB82051970B33000DA25B4 /* Project object */;
}
